
Microsoft Visual Studio Solution File, Format Version 12.00
# Visual Studio 14
VisualStudioVersion = 14.0.25420.1
MinimumVisualStudioVersion = 10.0.40219.1
Project("{2150E333-8FDC-42A3-9474-1A3956D46DE8}") = "Engine", "Engine", "{C3771D4B-4BCC-42C8-B95B-DA58E89AA1BD}"
EndProject
Project("{2150E333-8FDC-42A3-9474-1A3956D46DE8}") = "Games", "Games", "{54A4FA1D-D77A-4E5D-B031-86F5CB9D3356}"
EndProject
Project("{8BC9CEB8-8B4A-11D0-8D11-00A0C91BC942}") = "UE4", "Intermediate\ProjectFiles\UE4.vcxproj", "{C62B8183-ED23-47E5-A6BA-BB7092CE79AF}"
EndProject
Project("{8BC9CEB8-8B4A-11D0-8D11-00A0C91BC942}") = "BuildingEscape", "Intermediate\ProjectFiles\BuildingEscape.vcxproj", "{28EBFD45-3EC4-4A4C-8EDF-7AA10E14651D}"
EndProject
Global
	GlobalSection(SolutionConfigurationPlatforms) = preSolution
		DebugGame Editor|HTML5 = DebugGame Editor|HTML5
		DebugGame Editor|Win32 = DebugGame Editor|Win32
		DebugGame Editor|Win64 = DebugGame Editor|Win64
		DebugGame|HTML5 = DebugGame|HTML5
		DebugGame|Win32 = DebugGame|Win32
		DebugGame|Win64 = DebugGame|Win64
		Development Editor|HTML5 = Development Editor|HTML5
		Development Editor|Win32 = Development Editor|Win32
		Development Editor|Win64 = Development Editor|Win64
		Development|HTML5 = Development|HTML5
		Development|Win32 = Development|Win32
		Development|Win64 = Development|Win64
		Shipping|HTML5 = Shipping|HTML5
		Shipping|Win32 = Shipping|Win32
		Shipping|Win64 = Shipping|Win64
	EndGlobalSection
	GlobalSection(ProjectConfigurationPlatforms) = postSolution
		{C62B8183-ED23-47E5-A6BA-BB7092CE79AF}.DebugGame Editor|HTML5.ActiveCfg = BuiltWithUnrealBuildTool|Win32
		{C62B8183-ED23-47E5-A6BA-BB7092CE79AF}.DebugGame Editor|HTML5.Build.0 = BuiltWithUnrealBuildTool|Win32
		{C62B8183-ED23-47E5-A6BA-BB7092CE79AF}.DebugGame Editor|Win32.ActiveCfg = BuiltWithUnrealBuildTool|Win32
		{C62B8183-ED23-47E5-A6BA-BB7092CE79AF}.DebugGame Editor|Win32.Build.0 = BuiltWithUnrealBuildTool|Win32
		{C62B8183-ED23-47E5-A6BA-BB7092CE79AF}.DebugGame Editor|Win64.ActiveCfg = BuiltWithUnrealBuildTool|Win32
		{C62B8183-ED23-47E5-A6BA-BB7092CE79AF}.DebugGame Editor|Win64.Build.0 = BuiltWithUnrealBuildTool|Win32
		{C62B8183-ED23-47E5-A6BA-BB7092CE79AF}.DebugGame|HTML5.ActiveCfg = BuiltWithUnrealBuildTool|Win32
		{C62B8183-ED23-47E5-A6BA-BB7092CE79AF}.DebugGame|HTML5.Build.0 = BuiltWithUnrealBuildTool|Win32
		{C62B8183-ED23-47E5-A6BA-BB7092CE79AF}.DebugGame|Win32.ActiveCfg = BuiltWithUnrealBuildTool|Win32
		{C62B8183-ED23-47E5-A6BA-BB7092CE79AF}.DebugGame|Win32.Build.0 = BuiltWithUnrealBuildTool|Win32
		{C62B8183-ED23-47E5-A6BA-BB7092CE79AF}.DebugGame|Win64.ActiveCfg = BuiltWithUnrealBuildTool|Win32
		{C62B8183-ED23-47E5-A6BA-BB7092CE79AF}.DebugGame|Win64.Build.0 = BuiltWithUnrealBuildTool|Win32
		{C62B8183-ED23-47E5-A6BA-BB7092CE79AF}.Development Editor|HTML5.ActiveCfg = BuiltWithUnrealBuildTool|Win32
		{C62B8183-ED23-47E5-A6BA-BB7092CE79AF}.Development Editor|HTML5.Build.0 = BuiltWithUnrealBuildTool|Win32
		{C62B8183-ED23-47E5-A6BA-BB7092CE79AF}.Development Editor|Win32.ActiveCfg = BuiltWithUnrealBuildTool|Win32
		{C62B8183-ED23-47E5-A6BA-BB7092CE79AF}.Development Editor|Win32.Build.0 = BuiltWithUnrealBuildTool|Win32
		{C62B8183-ED23-47E5-A6BA-BB7092CE79AF}.Development Editor|Win64.ActiveCfg = BuiltWithUnrealBuildTool|Win32
		{C62B8183-ED23-47E5-A6BA-BB7092CE79AF}.Development Editor|Win64.Build.0 = BuiltWithUnrealBuildTool|Win32
		{C62B8183-ED23-47E5-A6BA-BB7092CE79AF}.Development|HTML5.ActiveCfg = BuiltWithUnrealBuildTool|Win32
		{C62B8183-ED23-47E5-A6BA-BB7092CE79AF}.Development|HTML5.Build.0 = BuiltWithUnrealBuildTool|Win32
		{C62B8183-ED23-47E5-A6BA-BB7092CE79AF}.Development|Win32.ActiveCfg = BuiltWithUnrealBuildTool|Win32
		{C62B8183-ED23-47E5-A6BA-BB7092CE79AF}.Development|Win32.Build.0 = BuiltWithUnrealBuildTool|Win32
		{C62B8183-ED23-47E5-A6BA-BB7092CE79AF}.Development|Win64.ActiveCfg = BuiltWithUnrealBuildTool|Win32
		{C62B8183-ED23-47E5-A6BA-BB7092CE79AF}.Development|Win64.Build.0 = BuiltWithUnrealBuildTool|Win32
		{C62B8183-ED23-47E5-A6BA-BB7092CE79AF}.Shipping|HTML5.ActiveCfg = BuiltWithUnrealBuildTool|Win32
		{C62B8183-ED23-47E5-A6BA-BB7092CE79AF}.Shipping|HTML5.Build.0 = BuiltWithUnrealBuildTool|Win32
		{C62B8183-ED23-47E5-A6BA-BB7092CE79AF}.Shipping|Win32.ActiveCfg = BuiltWithUnrealBuildTool|Win32
		{C62B8183-ED23-47E5-A6BA-BB7092CE79AF}.Shipping|Win32.Build.0 = BuiltWithUnrealBuildTool|Win32
		{C62B8183-ED23-47E5-A6BA-BB7092CE79AF}.Shipping|Win64.ActiveCfg = BuiltWithUnrealBuildTool|Win32
		{C62B8183-ED23-47E5-A6BA-BB7092CE79AF}.Shipping|Win64.Build.0 = BuiltWithUnrealBuildTool|Win32
		{28EBFD45-3EC4-4A4C-8EDF-7AA10E14651D}.DebugGame Editor|HTML5.ActiveCfg = HTML5_DebugGame_Editor|Win32
		{28EBFD45-3EC4-4A4C-8EDF-7AA10E14651D}.DebugGame Editor|Win32.ActiveCfg = DebugGame_Editor|Win32
		{28EBFD45-3EC4-4A4C-8EDF-7AA10E14651D}.DebugGame Editor|Win64.ActiveCfg = DebugGame_Editor|x64
		{28EBFD45-3EC4-4A4C-8EDF-7AA10E14651D}.DebugGame Editor|Win64.Build.0 = DebugGame_Editor|x64
		{28EBFD45-3EC4-4A4C-8EDF-7AA10E14651D}.DebugGame|HTML5.ActiveCfg = HTML5_DebugGame_Game|Win32
		{28EBFD45-3EC4-4A4C-8EDF-7AA10E14651D}.DebugGame|HTML5.Build.0 = HTML5_DebugGame_Game|Win32
		{28EBFD45-3EC4-4A4C-8EDF-7AA10E14651D}.DebugGame|Win32.ActiveCfg = DebugGame_Game|Win32
		{28EBFD45-3EC4-4A4C-8EDF-7AA10E14651D}.DebugGame|Win32.Build.0 = DebugGame_Game|Win32
		{28EBFD45-3EC4-4A4C-8EDF-7AA10E14651D}.DebugGame|Win64.ActiveCfg = DebugGame_Game|x64
		{28EBFD45-3EC4-4A4C-8EDF-7AA10E14651D}.DebugGame|Win64.Build.0 = DebugGame_Game|x64
		{28EBFD45-3EC4-4A4C-8EDF-7AA10E14651D}.Development Editor|HTML5.ActiveCfg = HTML5_Development_Editor|Win32
		{28EBFD45-3EC4-4A4C-8EDF-7AA10E14651D}.Development Editor|Win32.ActiveCfg = Development_Editor|Win32
		{28EBFD45-3EC4-4A4C-8EDF-7AA10E14651D}.Development Editor|Win64.ActiveCfg = Development_Editor|x64
		{28EBFD45-3EC4-4A4C-8EDF-7AA10E14651D}.Development Editor|Win64.Build.0 = Development_Editor|x64
		{28EBFD45-3EC4-4A4C-8EDF-7AA10E14651D}.Development|HTML5.ActiveCfg = HTML5_Development_Game|Win32
		{28EBFD45-3EC4-4A4C-8EDF-7AA10E14651D}.Development|HTML5.Build.0 = HTML5_Development_Game|Win32
		{28EBFD45-3EC4-4A4C-8EDF-7AA10E14651D}.Development|Win32.ActiveCfg = Development_Game|Win32
		{28EBFD45-3EC4-4A4C-8EDF-7AA10E14651D}.Development|Win32.Build.0 = Development_Game|Win32
		{28EBFD45-3EC4-4A4C-8EDF-7AA10E14651D}.Development|Win64.ActiveCfg = Development_Game|x64
		{28EBFD45-3EC4-4A4C-8EDF-7AA10E14651D}.Development|Win64.Build.0 = Development_Game|x64
		{28EBFD45-3EC4-4A4C-8EDF-7AA10E14651D}.Shipping|HTML5.ActiveCfg = HTML5_Shipping_Game|Win32
		{28EBFD45-3EC4-4A4C-8EDF-7AA10E14651D}.Shipping|HTML5.Build.0 = HTML5_Shipping_Game|Win32
		{28EBFD45-3EC4-4A4C-8EDF-7AA10E14651D}.Shipping|Win32.ActiveCfg = Shipping_Game|Win32
		{28EBFD45-3EC4-4A4C-8EDF-7AA10E14651D}.Shipping|Win32.Build.0 = Shipping_Game|Win32
		{28EBFD45-3EC4-4A4C-8EDF-7AA10E14651D}.Shipping|Win64.ActiveCfg = Shipping_Game|x64
		{28EBFD45-3EC4-4A4C-8EDF-7AA10E14651D}.Shipping|Win64.Build.0 = Shipping_Game|x64
	EndGlobalSection
	GlobalSection(SolutionProperties) = preSolution
		HideSolutionNode = FALSE
	EndGlobalSection
	GlobalSection(NestedProjects) = preSolution
		{C62B8183-ED23-47E5-A6BA-BB7092CE79AF} = {C3771D4B-4BCC-42C8-B95B-DA58E89AA1BD}
		{28EBFD45-3EC4-4A4C-8EDF-7AA10E14651D} = {54A4FA1D-D77A-4E5D-B031-86F5CB9D3356}
	EndGlobalSection
EndGlobal
